// !$*UTF8*$!
{
	archiveVersion = 1;
	classes = {
	};
	objectVersion = 46;
	objects = {

/* Begin PBXBuildFile section */
		1878EBF91805502200CC46F8 /* Employees.xcdatamodeld in Sources */ = {isa = PBXBuildFile; fileRef = 1878EBF71805502200CC46F8 /* Employees.xcdatamodeld */; };
		1889B92B17FAC7F600A2C328 /* checkbox_not_ticked.png in Resources */ = {isa = PBXBuildFile; fileRef = 1889B92917FAC7F600A2C328 /* checkbox_not_ticked.png */; };
		1889B92C17FAC7F600A2C328 /* checkbox_ticked.png in Resources */ = {isa = PBXBuildFile; fileRef = 1889B92A17FAC7F600A2C328 /* checkbox_ticked.png */; };
		1889B92F17FAD13500A2C328 /* CheckBox.m in Sources */ = {isa = PBXBuildFile; fileRef = 1889B92E17FAD13500A2C328 /* CheckBox.m */; };
		188FA95418029609007D870C /* employee.png in Resources */ = {isa = PBXBuildFile; fileRef = 188FA95018029609007D870C /* employee.png */; };
		188FA95518029609007D870C /* leave.png in Resources */ = {isa = PBXBuildFile; fileRef = 188FA95118029609007D870C /* leave.png */; };
		188FA95618029609007D870C /* liverbird.png in Resources */ = {isa = PBXBuildFile; fileRef = 188FA95218029609007D870C /* liverbird.png */; };
		188FA95718029609007D870C /* message.png in Resources */ = {isa = PBXBuildFile; fileRef = 188FA95318029609007D870C /* message.png */; };
		188FAA611802D6F1007D870C /* exit_big.png in Resources */ = {isa = PBXBuildFile; fileRef = 188FAA601802D6F1007D870C /* exit_big.png */; };
		18904FC71814FBB70005BAAA /* SVProgressHUD.bundle in Resources */ = {isa = PBXBuildFile; fileRef = 18904FC41814FBB70005BAAA /* SVProgressHUD.bundle */; };
		18904FC81814FBB70005BAAA /* SVProgressHUD.m in Sources */ = {isa = PBXBuildFile; fileRef = 18904FC61814FBB70005BAAA /* SVProgressHUD.m */; };
		18904FCA1814FBCE0005BAAA /* QuartzCore.framework in Frameworks */ = {isa = PBXBuildFile; fileRef = 18904FC91814FBCE0005BAAA /* QuartzCore.framework */; };
		18904FCC1814FFEC0005BAAA /* SystemConfiguration.framework in Frameworks */ = {isa = PBXBuildFile; fileRef = 18904FCB1814FFEC0005BAAA /* SystemConfiguration.framework */; };
		18904FCF181501250005BAAA /* Reachability.m in Sources */ = {isa = PBXBuildFile; fileRef = 18904FCE181501250005BAAA /* Reachability.m */; };
		18904FD31815501D0005BAAA /* employeeListJSONfile in Resources */ = {isa = PBXBuildFile; fileRef = 18904FD21815501D0005BAAA /* employeeListJSONfile */; };
		18967E0417FEA00900FAF88F /* GridViewController.xib in Resources */ = {isa = PBXBuildFile; fileRef = 18967E0217FEA00900FAF88F /* GridViewController.xib */; };
		18967E0717FEA1F900FAF88F /* GridViewController.m in Sources */ = {isa = PBXBuildFile; fileRef = 18967E0617FEA1F900FAF88F /* GridViewController.m */; };
		18967E0A17FEA3D200FAF88F /* GridCell.m in Sources */ = {isa = PBXBuildFile; fileRef = 18967E0917FEA3D200FAF88F /* GridCell.m */; };
		18967E0C17FEA40F00FAF88F /* GridCell.xib in Resources */ = {isa = PBXBuildFile; fileRef = 18967E0B17FEA40F00FAF88F /* GridCell.xib */; };
		18967E0F17FEDD5100FAF88F /* CustomGridLayout.m in Sources */ = {isa = PBXBuildFile; fileRef = 18967E0E17FEDD5100FAF88F /* CustomGridLayout.m */; };
		1897048718042E2900E7A288 /* MenuController.m in Sources */ = {isa = PBXBuildFile; fileRef = 1897048518042E2900E7A288 /* MenuController.m */; };
		1897048818042E2900E7A288 /* MenuController.xib in Resources */ = {isa = PBXBuildFile; fileRef = 1897048618042E2900E7A288 /* MenuController.xib */; };
		1897048D1804331900E7A288 /* MenuCell.xib in Resources */ = {isa = PBXBuildFile; fileRef = 1897048C1804331900E7A288 /* MenuCell.xib */; };
		1899346718113F0C0072026D /* CoreDataController.m in Sources */ = {isa = PBXBuildFile; fileRef = 1899346618113F0C0072026D /* CoreDataController.m */; };
		189DE9951806B3050021350E /* CoreData.framework in Frameworks */ = {isa = PBXBuildFile; fileRef = 189DE9941806B3050021350E /* CoreData.framework */; };
		18A265CA18167318007D32A1 /* Default@2x.png in Resources */ = {isa = PBXBuildFile; fileRef = 18A265C818167318007D32A1 /* Default@2x.png */; };
		18A265EE18167D43007D32A1 /* EMSViewController.xib in Resources */ = {isa = PBXBuildFile; fileRef = 18A265ED18167D43007D32A1 /* EMSViewController.xib */; };
		18A265F018167DB0007D32A1 /* InfoPlist.strings in Resources */ = {isa = PBXBuildFile; fileRef = 18A265EF18167DB0007D32A1 /* InfoPlist.strings */; };
		18A265F518167E47007D32A1 /* Default.png in Resources */ = {isa = PBXBuildFile; fileRef = 18A265F218167E47007D32A1 /* Default.png */; };
		18A265FB18167F91007D32A1 /* Default-Landscape.png in Resources */ = {isa = PBXBuildFile; fileRef = 18A265FA18167F91007D32A1 /* Default-Landscape.png */; };
		18AEFBE2180520F800CAEDF9 /* delete_user.png in Resources */ = {isa = PBXBuildFile; fileRef = 18AEFBDF180520F800CAEDF9 /* delete_user.png */; };
		18AEFBE3180520F800CAEDF9 /* edit_user.png in Resources */ = {isa = PBXBuildFile; fileRef = 18AEFBE0180520F800CAEDF9 /* edit_user.png */; };
		18AEFBE4180520F800CAEDF9 /* exit.png in Resources */ = {isa = PBXBuildFile; fileRef = 18AEFBE1180520F800CAEDF9 /* exit.png */; };
		18AEFBE71805250A00CAEDF9 /* MenuCell.m in Sources */ = {isa = PBXBuildFile; fileRef = 18AEFBE61805250A00CAEDF9 /* MenuCell.m */; };
		78518A4D17F1B90200D6C768 /* EmployeeCell.xib in Resources */ = {isa = PBXBuildFile; fileRef = 78518A4C17F1B90200D6C768 /* EmployeeCell.xib */; };
		78802BF717F1961F0062C1A1 /* EmployeeCell.m in Sources */ = {isa = PBXBuildFile; fileRef = 78802BF617F1961F0062C1A1 /* EmployeeCell.m */; };
		78802BFE17F19A190062C1A1 /* Employee.m in Sources */ = {isa = PBXBuildFile; fileRef = 78802BFD17F19A190062C1A1 /* Employee.m */; };
		78802C0217F19ABF0062C1A1 /* Connection.m in Sources */ = {isa = PBXBuildFile; fileRef = 78802C0117F19ABF0062C1A1 /* Connection.m */; };
		78A57EB117F2AEBC0056BEE7 /* EmployeeEditController.m in Sources */ = {isa = PBXBuildFile; fileRef = 78A57EAF17F2AEBC0056BEE7 /* EmployeeEditController.m */; };
		78A57EB517F2AF900056BEE7 /* EmployeeEditController.storyboard in Resources */ = {isa = PBXBuildFile; fileRef = 78A57EB417F2AF900056BEE7 /* EmployeeEditController.storyboard */; };
		78C71C4917F18DF000B71C64 /* UIKit.framework in Frameworks */ = {isa = PBXBuildFile; fileRef = 78C71C4817F18DF000B71C64 /* UIKit.framework */; };
		78C71C4B17F18DF000B71C64 /* Foundation.framework in Frameworks */ = {isa = PBXBuildFile; fileRef = 78C71C4A17F18DF000B71C64 /* Foundation.framework */; };
		78C71C4D17F18DF000B71C64 /* CoreGraphics.framework in Frameworks */ = {isa = PBXBuildFile; fileRef = 78C71C4C17F18DF000B71C64 /* CoreGraphics.framework */; };
		78C71C5517F18DF000B71C64 /* main.m in Sources */ = {isa = PBXBuildFile; fileRef = 78C71C5417F18DF000B71C64 /* main.m */; };
		78C71C5917F18DF000B71C64 /* EMSAppDelegate.m in Sources */ = {isa = PBXBuildFile; fileRef = 78C71C5817F18DF000B71C64 /* EMSAppDelegate.m */; };
		78C71C5F17F18DF000B71C64 /* Default-568h@2x.png in Resources */ = {isa = PBXBuildFile; fileRef = 78C71C5E17F18DF000B71C64 /* Default-568h@2x.png */; };
		78C71C6217F18DF000B71C64 /* EMSViewController.m in Sources */ = {isa = PBXBuildFile; fileRef = 78C71C6117F18DF000B71C64 /* EMSViewController.m */; };
		78C71C6F17F1902C00B71C64 /* EmployeeViewController.m in Sources */ = {isa = PBXBuildFile; fileRef = 78C71C6D17F1902C00B71C64 /* EmployeeViewController.m */; };
		78C71C7017F1902C00B71C64 /* EmployeeViewController.xib in Resources */ = {isa = PBXBuildFile; fileRef = 78C71C6E17F1902C00B71C64 /* EmployeeViewController.xib */; };
/* End PBXBuildFile section */

/* Begin PBXFileReference section */
		1878EBF81805502200CC46F8 /* Employees.xcdatamodel */ = {isa = PBXFileReference; lastKnownFileType = wrapper.xcdatamodel; path = Employees.xcdatamodel; sourceTree = "<group>"; };
		1889B92917FAC7F600A2C328 /* checkbox_not_ticked.png */ = {isa = PBXFileReference; lastKnownFileType = image.png; name = checkbox_not_ticked.png; path = ../../../Desktop/checkbox_not_ticked.png; sourceTree = "<group>"; };
		1889B92A17FAC7F600A2C328 /* checkbox_ticked.png */ = {isa = PBXFileReference; lastKnownFileType = image.png; name = checkbox_ticked.png; path = ../../../Desktop/checkbox_ticked.png; sourceTree = "<group>"; };
		1889B92D17FAD13500A2C328 /* CheckBox.h */ = {isa = PBXFileReference; fileEncoding = 4; lastKnownFileType = sourcecode.c.h; path = CheckBox.h; sourceTree = "<group>"; };
		1889B92E17FAD13500A2C328 /* CheckBox.m */ = {isa = PBXFileReference; fileEncoding = 4; lastKnownFileType = sourcecode.c.objc; path = CheckBox.m; sourceTree = "<group>"; };
		188FA95018029609007D870C /* employee.png */ = {isa = PBXFileReference; lastKnownFileType = image.png; path = employee.png; sourceTree = "<group>"; };
		188FA95118029609007D870C /* leave.png */ = {isa = PBXFileReference; lastKnownFileType = image.png; path = leave.png; sourceTree = "<group>"; };
		188FA95218029609007D870C /* liverbird.png */ = {isa = PBXFileReference; lastKnownFileType = image.png; path = liverbird.png; sourceTree = "<group>"; };
		188FA95318029609007D870C /* message.png */ = {isa = PBXFileReference; lastKnownFileType = image.png; path = message.png; sourceTree = "<group>"; };
		188FAA601802D6F1007D870C /* exit_big.png */ = {isa = PBXFileReference; lastKnownFileType = image.png; path = exit_big.png; sourceTree = "<group>"; };
		18904FC31814FBB70005BAAA /* SVProgressHUD-Prefix.pch */ = {isa = PBXFileReference; fileEncoding = 4; lastKnownFileType = sourcecode.c.h; path = "SVProgressHUD-Prefix.pch"; sourceTree = "<group>"; };
		18904FC41814FBB70005BAAA /* SVProgressHUD.bundle */ = {isa = PBXFileReference; lastKnownFileType = "wrapper.plug-in"; path = SVProgressHUD.bundle; sourceTree = "<group>"; };
		18904FC51814FBB70005BAAA /* SVProgressHUD.h */ = {isa = PBXFileReference; fileEncoding = 4; lastKnownFileType = sourcecode.c.h; path = SVProgressHUD.h; sourceTree = "<group>"; };
		18904FC61814FBB70005BAAA /* SVProgressHUD.m */ = {isa = PBXFileReference; fileEncoding = 4; lastKnownFileType = sourcecode.c.objc; path = SVProgressHUD.m; sourceTree = "<group>"; };
		18904FC91814FBCE0005BAAA /* QuartzCore.framework */ = {isa = PBXFileReference; lastKnownFileType = wrapper.framework; name = QuartzCore.framework; path = System/Library/Frameworks/QuartzCore.framework; sourceTree = SDKROOT; };
		18904FCB1814FFEC0005BAAA /* SystemConfiguration.framework */ = {isa = PBXFileReference; lastKnownFileType = wrapper.framework; name = SystemConfiguration.framework; path = System/Library/Frameworks/SystemConfiguration.framework; sourceTree = SDKROOT; };
		18904FCD181501250005BAAA /* Reachability.h */ = {isa = PBXFileReference; fileEncoding = 4; lastKnownFileType = sourcecode.c.h; path = Reachability.h; sourceTree = "<group>"; };
		18904FCE181501250005BAAA /* Reachability.m */ = {isa = PBXFileReference; fileEncoding = 4; lastKnownFileType = sourcecode.c.objc; path = Reachability.m; sourceTree = "<group>"; };
		18904FD21815501D0005BAAA /* employeeListJSONfile */ = {isa = PBXFileReference; fileEncoding = 4; lastKnownFileType = text; path = employeeListJSONfile; sourceTree = "<group>"; };
		18967E0217FEA00900FAF88F /* GridViewController.xib */ = {isa = PBXFileReference; fileEncoding = 4; lastKnownFileType = file.xib; path = GridViewController.xib; sourceTree = "<group>"; };
		18967E0517FEA1F900FAF88F /* GridViewController.h */ = {isa = PBXFileReference; fileEncoding = 4; lastKnownFileType = sourcecode.c.h; path = GridViewController.h; sourceTree = "<group>"; };
		18967E0617FEA1F900FAF88F /* GridViewController.m */ = {isa = PBXFileReference; fileEncoding = 4; lastKnownFileType = sourcecode.c.objc; path = GridViewController.m; sourceTree = "<group>"; };
		18967E0817FEA3D200FAF88F /* GridCell.h */ = {isa = PBXFileReference; fileEncoding = 4; lastKnownFileType = sourcecode.c.h; path = GridCell.h; sourceTree = "<group>"; };
		18967E0917FEA3D200FAF88F /* GridCell.m */ = {isa = PBXFileReference; fileEncoding = 4; lastKnownFileType = sourcecode.c.objc; path = GridCell.m; sourceTree = "<group>"; };
		18967E0B17FEA40F00FAF88F /* GridCell.xib */ = {isa = PBXFileReference; fileEncoding = 4; lastKnownFileType = file.xib; path = GridCell.xib; sourceTree = "<group>"; };
		18967E0D17FEDD5100FAF88F /* CustomGridLayout.h */ = {isa = PBXFileReference; fileEncoding = 4; lastKnownFileType = sourcecode.c.h; path = CustomGridLayout.h; sourceTree = "<group>"; };
		18967E0E17FEDD5100FAF88F /* CustomGridLayout.m */ = {isa = PBXFileReference; fileEncoding = 4; lastKnownFileType = sourcecode.c.objc; path = CustomGridLayout.m; sourceTree = "<group>"; };
		1897048418042E2900E7A288 /* MenuController.h */ = {isa = PBXFileReference; fileEncoding = 4; lastKnownFileType = sourcecode.c.h; path = MenuController.h; sourceTree = "<group>"; };
		1897048518042E2900E7A288 /* MenuController.m */ = {isa = PBXFileReference; fileEncoding = 4; lastKnownFileType = sourcecode.c.objc; path = MenuController.m; sourceTree = "<group>"; };
		1897048618042E2900E7A288 /* MenuController.xib */ = {isa = PBXFileReference; fileEncoding = 4; lastKnownFileType = file.xib; path = MenuController.xib; sourceTree = "<group>"; };
		1897048C1804331900E7A288 /* MenuCell.xib */ = {isa = PBXFileReference; fileEncoding = 4; lastKnownFileType = file.xib; path = MenuCell.xib; sourceTree = "<group>"; };
		1899346518113F0C0072026D /* CoreDataController.h */ = {isa = PBXFileReference; fileEncoding = 4; lastKnownFileType = sourcecode.c.h; path = CoreDataController.h; sourceTree = "<group>"; };
		1899346618113F0C0072026D /* CoreDataController.m */ = {isa = PBXFileReference; fileEncoding = 4; lastKnownFileType = sourcecode.c.objc; path = CoreDataController.m; sourceTree = "<group>"; };
		189DE9941806B3050021350E /* CoreData.framework */ = {isa = PBXFileReference; lastKnownFileType = wrapper.framework; name = CoreData.framework; path = System/Library/Frameworks/CoreData.framework; sourceTree = SDKROOT; };
		18A265C818167318007D32A1 /* Default@2x.png */ = {isa = PBXFileReference; lastKnownFileType = image.png; path = "Default@2x.png"; sourceTree = "<group>"; };
		18A265ED18167D43007D32A1 /* EMSViewController.xib */ = {isa = PBXFileReference; fileEncoding = 4; lastKnownFileType = file.xib; path = EMSViewController.xib; sourceTree = "<group>"; };
		18A265EF18167DB0007D32A1 /* InfoPlist.strings */ = {isa = PBXFileReference; fileEncoding = 4; lastKnownFileType = text.plist.strings; path = InfoPlist.strings; sourceTree = "<group>"; };
		18A265F218167E47007D32A1 /* Default.png */ = {isa = PBXFileReference; lastKnownFileType = image.png; name = Default.png; path = "splash screens/Default.png"; sourceTree = "<group>"; };
		18A265FA18167F91007D32A1 /* Default-Landscape.png */ = {isa = PBXFileReference; lastKnownFileType = image.png; path = "Default-Landscape.png"; sourceTree = "<group>"; };
		18AEFBDF180520F800CAEDF9 /* delete_user.png */ = {isa = PBXFileReference; lastKnownFileType = image.png; path = delete_user.png; sourceTree = "<group>"; };
		18AEFBE0180520F800CAEDF9 /* edit_user.png */ = {isa = PBXFileReference; lastKnownFileType = image.png; path = edit_user.png; sourceTree = "<group>"; };
		18AEFBE1180520F800CAEDF9 /* exit.png */ = {isa = PBXFileReference; lastKnownFileType = image.png; path = exit.png; sourceTree = "<group>"; };
		18AEFBE51805250A00CAEDF9 /* MenuCell.h */ = {isa = PBXFileReference; fileEncoding = 4; lastKnownFileType = sourcecode.c.h; path = MenuCell.h; sourceTree = "<group>"; };
		18AEFBE61805250A00CAEDF9 /* MenuCell.m */ = {isa = PBXFileReference; fileEncoding = 4; lastKnownFileType = sourcecode.c.objc; path = MenuCell.m; sourceTree = "<group>"; };
		78518A4C17F1B90200D6C768 /* EmployeeCell.xib */ = {isa = PBXFileReference; fileEncoding = 4; lastKnownFileType = file.xib; path = EmployeeCell.xib; sourceTree = "<group>"; };
		78802BF517F1961F0062C1A1 /* EmployeeCell.h */ = {isa = PBXFileReference; fileEncoding = 4; lastKnownFileType = sourcecode.c.h; path = EmployeeCell.h; sourceTree = "<group>"; };
		78802BF617F1961F0062C1A1 /* EmployeeCell.m */ = {isa = PBXFileReference; fileEncoding = 4; lastKnownFileType = sourcecode.c.objc; path = EmployeeCell.m; sourceTree = "<group>"; };
		78802BFC17F19A190062C1A1 /* Employee.h */ = {isa = PBXFileReference; fileEncoding = 4; lastKnownFileType = sourcecode.c.h; path = Employee.h; sourceTree = "<group>"; };
		78802BFD17F19A190062C1A1 /* Employee.m */ = {isa = PBXFileReference; fileEncoding = 4; lastKnownFileType = sourcecode.c.objc; path = Employee.m; sourceTree = "<group>"; };
		78802C0017F19ABF0062C1A1 /* Connection.h */ = {isa = PBXFileReference; fileEncoding = 4; lastKnownFileType = sourcecode.c.h; path = Connection.h; sourceTree = "<group>"; };
		78802C0117F19ABF0062C1A1 /* Connection.m */ = {isa = PBXFileReference; fileEncoding = 4; lastKnownFileType = sourcecode.c.objc; path = Connection.m; sourceTree = "<group>"; };
		78A57EAE17F2AEBC0056BEE7 /* EmployeeEditController.h */ = {isa = PBXFileReference; fileEncoding = 4; lastKnownFileType = sourcecode.c.h; path = EmployeeEditController.h; sourceTree = "<group>"; };
		78A57EAF17F2AEBC0056BEE7 /* EmployeeEditController.m */ = {isa = PBXFileReference; fileEncoding = 4; lastKnownFileType = sourcecode.c.objc; path = EmployeeEditController.m; sourceTree = "<group>"; };
		78A57EB417F2AF900056BEE7 /* EmployeeEditController.storyboard */ = {isa = PBXFileReference; fileEncoding = 4; lastKnownFileType = file.storyboard; path = EmployeeEditController.storyboard; sourceTree = "<group>"; };
		78C71C4417F18DF000B71C64 /* Employee.app */ = {isa = PBXFileReference; explicitFileType = wrapper.application; includeInIndex = 0; path = Employee.app; sourceTree = BUILT_PRODUCTS_DIR; };
		78C71C4817F18DF000B71C64 /* UIKit.framework */ = {isa = PBXFileReference; lastKnownFileType = wrapper.framework; name = UIKit.framework; path = System/Library/Frameworks/UIKit.framework; sourceTree = SDKROOT; };
		78C71C4A17F18DF000B71C64 /* Foundation.framework */ = {isa = PBXFileReference; lastKnownFileType = wrapper.framework; name = Foundation.framework; path = System/Library/Frameworks/Foundation.framework; sourceTree = SDKROOT; };
		78C71C4C17F18DF000B71C64 /* CoreGraphics.framework */ = {isa = PBXFileReference; lastKnownFileType = wrapper.framework; name = CoreGraphics.framework; path = System/Library/Frameworks/CoreGraphics.framework; sourceTree = SDKROOT; };
		78C71C5017F18DF000B71C64 /* Employee-Info.plist */ = {isa = PBXFileReference; lastKnownFileType = text.plist.xml; path = "Employee-Info.plist"; sourceTree = "<group>"; };
		78C71C5417F18DF000B71C64 /* main.m */ = {isa = PBXFileReference; lastKnownFileType = sourcecode.c.objc; path = main.m; sourceTree = "<group>"; };
		78C71C5617F18DF000B71C64 /* Employee-Prefix.pch */ = {isa = PBXFileReference; lastKnownFileType = sourcecode.c.h; path = "Employee-Prefix.pch"; sourceTree = "<group>"; };
		78C71C5717F18DF000B71C64 /* EMSAppDelegate.h */ = {isa = PBXFileReference; lastKnownFileType = sourcecode.c.h; path = EMSAppDelegate.h; sourceTree = "<group>"; };
		78C71C5817F18DF000B71C64 /* EMSAppDelegate.m */ = {isa = PBXFileReference; lastKnownFileType = sourcecode.c.objc; path = EMSAppDelegate.m; sourceTree = "<group>"; };
		78C71C5E17F18DF000B71C64 /* Default-568h@2x.png */ = {isa = PBXFileReference; lastKnownFileType = image.png; path = "Default-568h@2x.png"; sourceTree = "<group>"; };
		78C71C6017F18DF000B71C64 /* EMSViewController.h */ = {isa = PBXFileReference; lastKnownFileType = sourcecode.c.h; name = EMSViewController.h; path = Employee/EMSViewController.h; sourceTree = "<group>"; };
		78C71C6117F18DF000B71C64 /* EMSViewController.m */ = {isa = PBXFileReference; lastKnownFileType = sourcecode.c.objc; name = EMSViewController.m; path = Employee/EMSViewController.m; sourceTree = "<group>"; };
		78C71C6C17F1902C00B71C64 /* EmployeeViewController.h */ = {isa = PBXFileReference; fileEncoding = 4; lastKnownFileType = sourcecode.c.h; path = EmployeeViewController.h; sourceTree = "<group>"; };
		78C71C6D17F1902C00B71C64 /* EmployeeViewController.m */ = {isa = PBXFileReference; fileEncoding = 4; lastKnownFileType = sourcecode.c.objc; path = EmployeeViewController.m; sourceTree = "<group>"; };
		78C71C6E17F1902C00B71C64 /* EmployeeViewController.xib */ = {isa = PBXFileReference; fileEncoding = 4; lastKnownFileType = file.xib; path = EmployeeViewController.xib; sourceTree = "<group>"; };
/* End PBXFileReference section */

/* Begin PBXFrameworksBuildPhase section */
		78C71C4117F18DF000B71C64 /* Frameworks */ = {
			isa = PBXFrameworksBuildPhase;
			buildActionMask = 2147483647;
			files = (
				18904FCC1814FFEC0005BAAA /* SystemConfiguration.framework in Frameworks */,
				18904FCA1814FBCE0005BAAA /* QuartzCore.framework in Frameworks */,
				189DE9951806B3050021350E /* CoreData.framework in Frameworks */,
				78C71C4917F18DF000B71C64 /* UIKit.framework in Frameworks */,
				78C71C4B17F18DF000B71C64 /* Foundation.framework in Frameworks */,
				78C71C4D17F18DF000B71C64 /* CoreGraphics.framework in Frameworks */,
			);
			runOnlyForDeploymentPostprocessing = 0;
		};
/* End PBXFrameworksBuildPhase section */

/* Begin PBXGroup section */
		1878EBF61805500400CC46F8 /* CoreData */ = {
			isa = PBXGroup;
			children = (
				1878EBF71805502200CC46F8 /* Employees.xcdatamodeld */,
				1899346518113F0C0072026D /* CoreDataController.h */,
				1899346618113F0C0072026D /* CoreDataController.m */,
			);
			name = CoreData;
			sourceTree = "<group>";
		};
		1889B92817FAC77D00A2C328 /* images */ = {
			isa = PBXGroup;
			children = (
				18AEFBDF180520F800CAEDF9 /* delete_user.png */,
				18AEFBE0180520F800CAEDF9 /* edit_user.png */,
				18AEFBE1180520F800CAEDF9 /* exit.png */,
				188FAA601802D6F1007D870C /* exit_big.png */,
				188FA95018029609007D870C /* employee.png */,
				188FA95118029609007D870C /* leave.png */,
				188FA95218029609007D870C /* liverbird.png */,
				188FA95318029609007D870C /* message.png */,
				1889B92917FAC7F600A2C328 /* checkbox_not_ticked.png */,
				1889B92A17FAC7F600A2C328 /* checkbox_ticked.png */,
			);
			name = images;
			sourceTree = "<group>";
		};
		18904FC21814FBB70005BAAA /* SVProgressHUD */ = {
			isa = PBXGroup;
			children = (
				18904FC31814FBB70005BAAA /* SVProgressHUD-Prefix.pch */,
				18904FC41814FBB70005BAAA /* SVProgressHUD.bundle */,
				18904FC51814FBB70005BAAA /* SVProgressHUD.h */,
				18904FC61814FBB70005BAAA /* SVProgressHUD.m */,
			);
			path = SVProgressHUD;
			sourceTree = "<group>";
		};
		78802BFB17F199B90062C1A1 /* Entity */ = {
			isa = PBXGroup;
			children = (
				78802BFC17F19A190062C1A1 /* Employee.h */,
				78802BFD17F19A190062C1A1 /* Employee.m */,
			);
			name = Entity;
			sourceTree = "<group>";
		};
		78802BFF17F19A670062C1A1 /* HttpConnection */ = {
			isa = PBXGroup;
			children = (
				18904FCD181501250005BAAA /* Reachability.h */,
				18904FCE181501250005BAAA /* Reachability.m */,
				78802C0017F19ABF0062C1A1 /* Connection.h */,
				78802C0117F19ABF0062C1A1 /* Connection.m */,
			);
			name = HttpConnection;
			sourceTree = "<group>";
		};
		78C71C3917F18DF000B71C64 = {
			isa = PBXGroup;
			children = (
				18904FC21814FBB70005BAAA /* SVProgressHUD */,
				1878EBF61805500400CC46F8 /* CoreData */,
				1889B92817FAC77D00A2C328 /* images */,
				78802BFF17F19A670062C1A1 /* HttpConnection */,
				78802BFB17F199B90062C1A1 /* Entity */,
				78C71C6B17F18DFE00B71C64 /* Controller */,
				78C71C4E17F18DF000B71C64 /* Employee */,
				78C71C4717F18DF000B71C64 /* Frameworks */,
				78C71C4517F18DF000B71C64 /* Products */,
			);
			sourceTree = "<group>";
		};
		78C71C4517F18DF000B71C64 /* Products */ = {
			isa = PBXGroup;
			children = (
				78C71C4417F18DF000B71C64 /* Employee.app */,
			);
			name = Products;
			sourceTree = "<group>";
		};
		78C71C4717F18DF000B71C64 /* Frameworks */ = {
			isa = PBXGroup;
			children = (
				18904FCB1814FFEC0005BAAA /* SystemConfiguration.framework */,
				18904FC91814FBCE0005BAAA /* QuartzCore.framework */,
				189DE9941806B3050021350E /* CoreData.framework */,
				78C71C4817F18DF000B71C64 /* UIKit.framework */,
				78C71C4A17F18DF000B71C64 /* Foundation.framework */,
				78C71C4C17F18DF000B71C64 /* CoreGraphics.framework */,
			);
			name = Frameworks;
			sourceTree = "<group>";
		};
		78C71C4E17F18DF000B71C64 /* Employee */ = {
			isa = PBXGroup;
			children = (
				18904FD21815501D0005BAAA /* employeeListJSONfile */,
				78C71C5717F18DF000B71C64 /* EMSAppDelegate.h */,
				78C71C5817F18DF000B71C64 /* EMSAppDelegate.m */,
				78C71C4F17F18DF000B71C64 /* Supporting Files */,
			);
			path = Employee;
			sourceTree = "<group>";
		};
		78C71C4F17F18DF000B71C64 /* Supporting Files */ = {
			isa = PBXGroup;
			children = (
				18A265FA18167F91007D32A1 /* Default-Landscape.png */,
				18A265F218167E47007D32A1 /* Default.png */,
				18A265EF18167DB0007D32A1 /* InfoPlist.strings */,
				18A265C818167318007D32A1 /* Default@2x.png */,
				78C71C5017F18DF000B71C64 /* Employee-Info.plist */,
				78C71C5417F18DF000B71C64 /* main.m */,
				78C71C5617F18DF000B71C64 /* Employee-Prefix.pch */,
				78C71C5E17F18DF000B71C64 /* Default-568h@2x.png */,
			);
			name = "Supporting Files";
			sourceTree = "<group>";
		};
		78C71C6B17F18DFE00B71C64 /* Controller */ = {
			isa = PBXGroup;
			children = (
				18A265ED18167D43007D32A1 /* EMSViewController.xib */,
				78C71C6017F18DF000B71C64 /* EMSViewController.h */,
				78C71C6117F18DF000B71C64 /* EMSViewController.m */,
				78C71C6C17F1902C00B71C64 /* EmployeeViewController.h */,
				78C71C6D17F1902C00B71C64 /* EmployeeViewController.m */,
				78C71C6E17F1902C00B71C64 /* EmployeeViewController.xib */,
				78802BF517F1961F0062C1A1 /* EmployeeCell.h */,
				78802BF617F1961F0062C1A1 /* EmployeeCell.m */,
				78518A4C17F1B90200D6C768 /* EmployeeCell.xib */,
				78A57EAE17F2AEBC0056BEE7 /* EmployeeEditController.h */,
				78A57EAF17F2AEBC0056BEE7 /* EmployeeEditController.m */,
				78A57EB417F2AF900056BEE7 /* EmployeeEditController.storyboard */,
				1889B92D17FAD13500A2C328 /* CheckBox.h */,
				1889B92E17FAD13500A2C328 /* CheckBox.m */,
				18967E0217FEA00900FAF88F /* GridViewController.xib */,
				18967E0517FEA1F900FAF88F /* GridViewController.h */,
				18967E0617FEA1F900FAF88F /* GridViewController.m */,
				18967E0817FEA3D200FAF88F /* GridCell.h */,
				18967E0917FEA3D200FAF88F /* GridCell.m */,
				18967E0B17FEA40F00FAF88F /* GridCell.xib */,
				18967E0D17FEDD5100FAF88F /* CustomGridLayout.h */,
				18967E0E17FEDD5100FAF88F /* CustomGridLayout.m */,
				1897048418042E2900E7A288 /* MenuController.h */,
				1897048518042E2900E7A288 /* MenuController.m */,
				1897048618042E2900E7A288 /* MenuController.xib */,
				1897048C1804331900E7A288 /* MenuCell.xib */,
				18AEFBE51805250A00CAEDF9 /* MenuCell.h */,
				18AEFBE61805250A00CAEDF9 /* MenuCell.m */,
			);
			name = Controller;
			sourceTree = "<group>";
		};
/* End PBXGroup section */

/* Begin PBXNativeTarget section */
		78C71C4317F18DF000B71C64 /* Employee */ = {
			isa = PBXNativeTarget;
			buildConfigurationList = 78C71C6817F18DF000B71C64 /* Build configuration list for PBXNativeTarget "Employee" */;
			buildPhases = (
				78C71C4017F18DF000B71C64 /* Sources */,
				78C71C4117F18DF000B71C64 /* Frameworks */,
				78C71C4217F18DF000B71C64 /* Resources */,
			);
			buildRules = (
			);
			dependencies = (
			);
			name = Employee;
			productName = Employee;
			productReference = 78C71C4417F18DF000B71C64 /* Employee.app */;
			productType = "com.apple.product-type.application";
		};
/* End PBXNativeTarget section */

/* Begin PBXProject section */
		78C71C3B17F18DF000B71C64 /* Project object */ = {
			isa = PBXProject;
			attributes = {
				CLASSPREFIX = EMS;
				LastUpgradeCheck = 0450;
				ORGANIZATIONNAME = STC;
				TargetAttributes = {
					78C71C4317F18DF000B71C64 = {
						DevelopmentTeam = Z4659G825T;
					};
				};
			};
			buildConfigurationList = 78C71C3E17F18DF000B71C64 /* Build configuration list for PBXProject "Employee" */;
			compatibilityVersion = "Xcode 3.2";
			developmentRegion = English;
			hasScannedForEncodings = 0;
			knownRegions = (
				en,
			);
			mainGroup = 78C71C3917F18DF000B71C64;
			productRefGroup = 78C71C4517F18DF000B71C64 /* Products */;
			projectDirPath = "";
			projectRoot = "";
			targets = (
				78C71C4317F18DF000B71C64 /* Employee */,
			);
		};
/* End PBXProject section */

/* Begin PBXResourcesBuildPhase section */
		78C71C4217F18DF000B71C64 /* Resources */ = {
			isa = PBXResourcesBuildPhase;
			buildActionMask = 2147483647;
			files = (
				1889B92C17FAC7F600A2C328 /* checkbox_ticked.png in Resources */,
				18A265F018167DB0007D32A1 /* InfoPlist.strings in Resources */,
				18904FD31815501D0005BAAA /* employeeListJSONfile in Resources */,
				1889B92B17FAC7F600A2C328 /* checkbox_not_ticked.png in Resources */,
				1897048D1804331900E7A288 /* MenuCell.xib in Resources */,
				18A265CA18167318007D32A1 /* Default@2x.png in Resources */,
				18904FC71814FBB70005BAAA /* SVProgressHUD.bundle in Resources */,
				188FA95718029609007D870C /* message.png in Resources */,
				18A265FB18167F91007D32A1 /* Default-Landscape.png in Resources */,
				18967E0417FEA00900FAF88F /* GridViewController.xib in Resources */,
				78C71C5F17F18DF000B71C64 /* Default-568h@2x.png in Resources */,
				18A265EE18167D43007D32A1 /* EMSViewController.xib in Resources */,
				188FAA611802D6F1007D870C /* exit_big.png in Resources */,
				18967E0C17FEA40F00FAF88F /* GridCell.xib in Resources */,
				18AEFBE4180520F800CAEDF9 /* exit.png in Resources */,
				78C71C7017F1902C00B71C64 /* EmployeeViewController.xib in Resources */,
				1897048818042E2900E7A288 /* MenuController.xib in Resources */,
				78518A4D17F1B90200D6C768 /* EmployeeCell.xib in Resources */,
				18AEFBE3180520F800CAEDF9 /* edit_user.png in Resources */,
				78A57EB517F2AF900056BEE7 /* EmployeeEditController.storyboard in Resources */,
				18A265F518167E47007D32A1 /* Default.png in Resources */,
				188FA95618029609007D870C /* liverbird.png in Resources */,
				188FA95418029609007D870C /* employee.png in Resources */,
				188FA95518029609007D870C /* leave.png in Resources */,
				18AEFBE2180520F800CAEDF9 /* delete_user.png in Resources */,
			);
			runOnlyForDeploymentPostprocessing = 0;
		};
/* End PBXResourcesBuildPhase section */

/* Begin PBXSourcesBuildPhase section */
		78C71C4017F18DF000B71C64 /* Sources */ = {
			isa = PBXSourcesBuildPhase;
			buildActionMask = 2147483647;
			files = (
				78C71C5517F18DF000B71C64 /* main.m in Sources */,
				78C71C5917F18DF000B71C64 /* EMSAppDelegate.m in Sources */,
				18967E0717FEA1F900FAF88F /* GridViewController.m in Sources */,
				18967E0A17FEA3D200FAF88F /* GridCell.m in Sources */,
				78C71C6217F18DF000B71C64 /* EMSViewController.m in Sources */,
				18904FC81814FBB70005BAAA /* SVProgressHUD.m in Sources */,
				78C71C6F17F1902C00B71C64 /* EmployeeViewController.m in Sources */,
				1899346718113F0C0072026D /* CoreDataController.m in Sources */,
				78802BF717F1961F0062C1A1 /* EmployeeCell.m in Sources */,
				1889B92F17FAD13500A2C328 /* CheckBox.m in Sources */,
				18AEFBE71805250A00CAEDF9 /* MenuCell.m in Sources */,
				1897048718042E2900E7A288 /* MenuController.m in Sources */,
				18967E0F17FEDD5100FAF88F /* CustomGridLayout.m in Sources */,
				78802BFE17F19A190062C1A1 /* Employee.m in Sources */,
				1878EBF91805502200CC46F8 /* Employees.xcdatamodeld in Sources */,
				78802C0217F19ABF0062C1A1 /* Connection.m in Sources */,
				18904FCF181501250005BAAA /* Reachability.m in Sources */,
				78A57EB117F2AEBC0056BEE7 /* EmployeeEditController.m in Sources */,
			);
			runOnlyForDeploymentPostprocessing = 0;
		};
/* End PBXSourcesBuildPhase section */

/* Begin XCBuildConfiguration section */
		78C71C6617F18DF000B71C64 /* Debug */ = {
			isa = XCBuildConfiguration;
			buildSettings = {
				ALWAYS_SEARCH_USER_PATHS = NO;
				CLANG_CXX_LANGUAGE_STANDARD = "gnu++0x";
				CLANG_CXX_LIBRARY = "libc++";
				CLANG_ENABLE_OBJC_ARC = YES;
				CLANG_WARN_EMPTY_BODY = YES;
				CLANG_WARN__DUPLICATE_METHOD_MATCH = YES;
				"CODE_SIGN_IDENTITY[sdk=iphoneos*]" = "iPhone Developer";
				COPY_PHASE_STRIP = NO;
				GCC_C_LANGUAGE_STANDARD = gnu99;
				GCC_DYNAMIC_NO_PIC = NO;
				GCC_OPTIMIZATION_LEVEL = 0;
				GCC_PREPROCESSOR_DEFINITIONS = (
					"DEBUG=1",
					"$(inherited)",
				);
				GCC_SYMBOLS_PRIVATE_EXTERN = NO;
				GCC_WARN_ABOUT_RETURN_TYPE = YES;
				GCC_WARN_UNINITIALIZED_AUTOS = YES;
				GCC_WARN_UNUSED_VARIABLE = YES;
				IPHONEOS_DEPLOYMENT_TARGET = 6.0;
				ONLY_ACTIVE_ARCH = YES;
				SDKROOT = iphoneos;
				TARGETED_DEVICE_FAMILY = 2;
			};
			name = Debug;
		};
		78C71C6717F18DF000B71C64 /* Release */ = {
			isa = XCBuildConfiguration;
			buildSettings = {
				ALWAYS_SEARCH_USER_PATHS = NO;
				CLANG_CXX_LANGUAGE_STANDARD = "gnu++0x";
				CLANG_CXX_LIBRARY = "libc++";
				CLANG_ENABLE_OBJC_ARC = YES;
				CLANG_WARN_EMPTY_BODY = YES;
				CLANG_WARN__DUPLICATE_METHOD_MATCH = YES;
				"CODE_SIGN_IDENTITY[sdk=iphoneos*]" = "iPhone Developer";
				COPY_PHASE_STRIP = YES;
				GCC_C_LANGUAGE_STANDARD = gnu99;
				GCC_WARN_ABOUT_RETURN_TYPE = YES;
				GCC_WARN_UNINITIALIZED_AUTOS = YES;
				GCC_WARN_UNUSED_VARIABLE = YES;
				IPHONEOS_DEPLOYMENT_TARGET = 6.0;
				OTHER_CFLAGS = "-DNS_BLOCK_ASSERTIONS=1";
				SDKROOT = iphoneos;
				TARGETED_DEVICE_FAMILY = 2;
				VALIDATE_PRODUCT = YES;
			};
			name = Release;
		};
		78C71C6917F18DF000B71C64 /* Debug */ = {
			isa = XCBuildConfiguration;
			buildSettings = {
				CODE_SIGN_IDENTITY = "iPhone Developer";
				"CODE_SIGN_IDENTITY[sdk=iphoneos*]" = "iPhone Developer";
				GCC_PRECOMPILE_PREFIX_HEADER = YES;
				GCC_PREFIX_HEADER = "Employee/Employee-Prefix.pch";
				INFOPLIST_FILE = "Employee/Employee-Info.plist";
				PRODUCT_NAME = "$(TARGET_NAME)";
				PROVISIONING_PROFILE = "";
				WRAPPER_EXTENSION = app;
			};
			name = Debug;
		};
		78C71C6A17F18DF000B71C64 /* Release */ = {
			isa = XCBuildConfiguration;
			buildSettings = {
				CODE_SIGN_IDENTITY = "iPhone Developer";
				"CODE_SIGN_IDENTITY[sdk=iphoneos*]" = "iPhone Developer";
				GCC_PRECOMPILE_PREFIX_HEADER = YES;
				GCC_PREFIX_HEADER = "Employee/Employee-Prefix.pch";
				INFOPLIST_FILE = "Employee/Employee-Info.plist";
				PRODUCT_NAME = "$(TARGET_NAME)";
				PROVISIONING_PROFILE = "";
				WRAPPER_EXTENSION = app;
			};
			name = Release;
		};
/* End XCBuildConfiguration section */

/* Begin XCConfigurationList section */
		78C71C3E17F18DF000B71C64 /* Build configuration list for PBXProject "Employee" */ = {
			isa = XCConfigurationList;
			buildConfigurations = (
				78C71C6617F18DF000B71C64 /* Debug */,
				78C71C6717F18DF000B71C64 /* Release */,
			);
			defaultConfigurationIsVisible = 0;
			defaultConfigurationName = Release;
		};
		78C71C6817F18DF000B71C64 /* Build configuration list for PBXNativeTarget "Employee" */ = {
			isa = XCConfigurationList;
			buildConfigurations = (
				78C71C6917F18DF000B71C64 /* Debug */,
				78C71C6A17F18DF000B71C64 /* Release */,
			);
			defaultConfigurationIsVisible = 0;
			defaultConfigurationName = Release;
		};
/* End XCConfigurationList section */

/* Begin XCVersionGroup section */
		1878EBF71805502200CC46F8 /* Employees.xcdatamodeld */ = {
			isa = XCVersionGroup;
			children = (
				1878EBF81805502200CC46F8 /* Employees.xcdatamodel */,
			);
			currentVersion = 1878EBF81805502200CC46F8 /* Employees.xcdatamodel */;
			path = Employees.xcdatamodeld;
			sourceTree = "<group>";
			versionGroupType = wrapper.xcdatamodel;
		};
/* End XCVersionGroup section */
	};
	rootObject = 78C71C3B17F18DF000B71C64 /* Project object */;
}
